
Microsoft Visual Studio Solution File, Format Version 12.00
# Visual Studio 14
VisualStudioVersion = 14.0.25420.1
MinimumVisualStudioVersion = 10.0.40219.1
Project("{FAE04EC0-301F-11D3-BF4B-00C04F79EFBC}") = "JsonWebClient", "JsonWebClient\JsonWebClient.csproj", "{77EB448B-0DDE-4BF0-8BFB-36C930677C14}"
EndProject
Project("{FAE04EC0-301F-11D3-BF4B-00C04F79EFBC}") = "JsonWebClient.Tests", "JsonWebClient.Tests\JsonWebClient.Tests.csproj", "{A6A8382D-548E-4B09-A187-26637618960E}"
EndProject
Global
	GlobalSection(SolutionConfigurationPlatforms) = preSolution
		Debug|Any CPU = Debug|Any CPU
		Release|Any CPU = Release|Any CPU
	EndGlobalSection
	GlobalSection(ProjectConfigurationPlatforms) = postSolution
		{77EB448B-0DDE-4BF0-8BFB-36C930677C14}.Debug|Any CPU.ActiveCfg = Debug|Any CPU
		{77EB448B-0DDE-4BF0-8BFB-36C930677C14}.Debug|Any CPU.Build.0 = Debug|Any CPU
		{77EB448B-0DDE-4BF0-8BFB-36C930677C14}.Release|Any CPU.ActiveCfg = Release|Any CPU
		{77EB448B-0DDE-4BF0-8BFB-36C930677C14}.Release|Any CPU.Build.0 = Release|Any CPU
		{A6A8382D-548E-4B09-A187-26637618960E}.Debug|Any CPU.ActiveCfg = Debug|Any CPU
		{A6A8382D-548E-4B09-A187-26637618960E}.Debug|Any CPU.Build.0 = Debug|Any CPU
		{A6A8382D-548E-4B09-A187-26637618960E}.Release|Any CPU.ActiveCfg = Release|Any CPU
		{A6A8382D-548E-4B09-A187-26637618960E}.Release|Any CPU.Build.0 = Release|Any CPU
	EndGlobalSection
	GlobalSection(SolutionProperties) = preSolution
		HideSolutionNode = FALSE
	EndGlobalSection
EndGlobal
